
Microsoft Visual Studio Solution File, Format Version 12.00
# Visual Studio Version 17
VisualStudioVersion = 17.8.34525.116
MinimumVisualStudioVersion = 10.0.40219.1
Project("{9A19103F-16F7-4668-BE54-9A1E7A4F7556}") = "BulkyWeb", "BulkyWeb\BulkyWeb.csproj", "{5A0D324E-E7F7-47F4-B8FA-A81B26E568C7}"
EndProject
Project("{FAE04EC0-301F-11D3-BF4B-00C04F79EFBC}") = "Bulky.DataAccess", "Bulky.DataAccess\Bulky.DataAccess.csproj", "{9FFAE194-37C4-461C-B481-EFC594EB5A57}"
EndProject
Project("{FAE04EC0-301F-11D3-BF4B-00C04F79EFBC}") = "Bulky.Models", "Bulky.Models\Bulky.Models.csproj", "{A3595474-8213-4C10-8DE0-5956D68F004B}"
EndProject
Project("{FAE04EC0-301F-11D3-BF4B-00C04F79EFBC}") = "Bulky.Utility", "Bulky.Utility\Bulky.Utility.csproj", "{5D89E832-93FC-4DC0-A74C-9DB8240F7402}"
EndProject
Global
	GlobalSection(SolutionConfigurationPlatforms) = preSolution
		Debug|Any CPU = Debug|Any CPU
		Release|Any CPU = Release|Any CPU
	EndGlobalSection
	GlobalSection(ProjectConfigurationPlatforms) = postSolution
		{5A0D324E-E7F7-47F4-B8FA-A81B26E568C7}.Debug|Any CPU.ActiveCfg = Debug|Any CPU
		{5A0D324E-E7F7-47F4-B8FA-A81B26E568C7}.Debug|Any CPU.Build.0 = Debug|Any CPU
		{5A0D324E-E7F7-47F4-B8FA-A81B26E568C7}.Release|Any CPU.ActiveCfg = Release|Any CPU
		{5A0D324E-E7F7-47F4-B8FA-A81B26E568C7}.Release|Any CPU.Build.0 = Release|Any CPU
		{9FFAE194-37C4-461C-B481-EFC594EB5A57}.Debug|Any CPU.ActiveCfg = Debug|Any CPU
		{9FFAE194-37C4-461C-B481-EFC594EB5A57}.Debug|Any CPU.Build.0 = Debug|Any CPU
		{9FFAE194-37C4-461C-B481-EFC594EB5A57}.Release|Any CPU.ActiveCfg = Release|Any CPU
		{9FFAE194-37C4-461C-B481-EFC594EB5A57}.Release|Any CPU.Build.0 = Release|Any CPU
		{A3595474-8213-4C10-8DE0-5956D68F004B}.Debug|Any CPU.ActiveCfg = Debug|Any CPU
		{A3595474-8213-4C10-8DE0-5956D68F004B}.Debug|Any CPU.Build.0 = Debug|Any CPU
		{A3595474-8213-4C10-8DE0-5956D68F004B}.Release|Any CPU.ActiveCfg = Release|Any CPU
		{A3595474-8213-4C10-8DE0-5956D68F004B}.Release|Any CPU.Build.0 = Release|Any CPU
		{5D89E832-93FC-4DC0-A74C-9DB8240F7402}.Debug|Any CPU.ActiveCfg = Debug|Any CPU
		{5D89E832-93FC-4DC0-A74C-9DB8240F7402}.Debug|Any CPU.Build.0 = Debug|Any CPU
		{5D89E832-93FC-4DC0-A74C-9DB8240F7402}.Release|Any CPU.ActiveCfg = Release|Any CPU
		{5D89E832-93FC-4DC0-A74C-9DB8240F7402}.Release|Any CPU.Build.0 = Release|Any CPU
	EndGlobalSection
	GlobalSection(SolutionProperties) = preSolution
		HideSolutionNode = FALSE
	EndGlobalSection
	GlobalSection(ExtensibilityGlobals) = postSolution
		SolutionGuid = {D648F584-ED8B-45E9-8F0F-F56CC6F7AD31}
	EndGlobalSection
EndGlobal
